# This file is automatically @generated by Poetry 2.0.0 and should not be changed by hand.

[[package]]
name = "eclipse-zenoh"
version = "1.1.0"
description = "The python API for Eclipse zenoh"
optional = false
python-versions = ">=3.8"
groups = ["dev"]
files = [
    {file = "eclipse_zenoh-1.1.0-cp38-abi3-linux_armv6l.whl", hash = "sha256:ca9ac89f6f5f39b9be3f25b24f1bd28260b911a280b6c54723034beb6e572c08"},
    {file = "eclipse_zenoh-1.1.0-cp38-abi3-macosx_10_12_x86_64.macosx_11_0_arm64.macosx_10_12_universal2.whl", hash = "sha256:6677c3ec50785ae591e9c057c824ca1b63513e265f3bf43ca7012184772f89c0"},
    {file = "eclipse_zenoh-1.1.0-cp38-abi3-macosx_10_12_x86_64.whl", hash = "sha256:a526d5e5de4410e851857ec22204bd2cb4d71d6d22de25f0a9a32ec19eb54197"},
    {file = "eclipse_zenoh-1.1.0-cp38-abi3-manylinux_2_12_i686.manylinux2010_i686.whl", hash = "sha256:7eab671893d11e9ea822a60d7ff9cb21de88119e8c3a168305552c8f3117f961"},
    {file = "eclipse_zenoh-1.1.0-cp38-abi3-manylinux_2_17_armv7l.manylinux2014_armv7l.whl", hash = "sha256:2f7b12b4014a00e69a0750fd7cdb8d8f22f6d6bf466d7b5af556eb2e56d0184f"},
    {file = "eclipse_zenoh-1.1.0-cp38-abi3-manylinux_2_17_x86_64.manylinux2014_x86_64.whl", hash = "sha256:256ea9ad49ecb32a651ac5c1499d614623ebda99154c8841dfb1606f2c426d48"},
    {file = "eclipse_zenoh-1.1.0-cp38-abi3-manylinux_2_28_aarch64.whl", hash = "sha256:eaa5e78ee93c381f652776e101792f4f1338d30242899f085438354af78cecef"},
    {file = "eclipse_zenoh-1.1.0-cp38-abi3-win_amd64.whl", hash = "sha256:5316799d6381eb236bf06342cb17b506599324be27b6721a1ebc8d0ac3dad31d"},
    {file = "eclipse_zenoh-1.1.0.tar.gz", hash = "sha256:56556d45537052c104c6f71bdff6e40ba78831409e1487dc2dfc2b8425475fed"},
]

[[package]]
name = "pycdr2"
version = "1.0.0"
description = "The IDL part of the CycloneDDS package as standalone version, to support packages that need CDR (de)serialisation without the Cyclone DDS API."
optional = false
python-versions = ">=3.7"
groups = ["main"]
files = [
    {file = "pycdr2-1.0.0-py3-none-any.whl", hash = "sha256:963e47351128804024dc931deaa3c4f6aea7f3d667ca8d02f61a8fd8411b7fba"},
    {file = "pycdr2-1.0.0.tar.gz", hash = "sha256:e2b34aff7e9a536de7b4a2e367d154460d19b6319c1d1d5e068218b0dd539f7c"},
]

[metadata]
lock-version = "2.1"
python-versions = ">=3.12"
content-hash = "bb1ba4d071a7e6b96c901878a62be5ad0c01b4d8b87428d06e97461e2aeb3e66"
