# This file is automatically @generated by Poetry 2.2.1 and should not be changed by hand.

[[package]]
name = "eclipse-zenoh"
version = "1.7.1"
description = "The Zenoh Python API"
optional = false
python-versions = ">=3.8"
groups = ["dev"]
files = [
    {file = "eclipse_zenoh-1.7.1-cp39-abi3-linux_armv6l.whl", hash = "sha256:7b5cdb648a024653d157904c8ce8d99a54c2d988e6ce2d87c82fa76ec8258926"},
    {file = "eclipse_zenoh-1.7.1-cp39-abi3-macosx_10_12_x86_64.macosx_11_0_arm64.macosx_10_12_universal2.whl", hash = "sha256:676c627810503450cdf5efdf7a246e1cb95c5e45476e5d4ff393ab4e607a14e5"},
    {file = "eclipse_zenoh-1.7.1-cp39-abi3-macosx_10_12_x86_64.whl", hash = "sha256:b3b1bf7bcdade4ce66132c6893997c9039cc3ea1c10695722fca2aa64da009f2"},
    {file = "eclipse_zenoh-1.7.1-cp39-abi3-manylinux_2_17_armv7l.manylinux2014_armv7l.whl", hash = "sha256:a8a469141fa4ec792070306d72013c48322aafbcbcfccd11072c8642a89457c7"},
    {file = "eclipse_zenoh-1.7.1-cp39-abi3-manylinux_2_17_i686.manylinux2014_i686.whl", hash = "sha256:87b412996b26b07dde1f6d263ece70e62831e13e77f744f61cd873cc690b8583"},
    {file = "eclipse_zenoh-1.7.1-cp39-abi3-manylinux_2_17_x86_64.manylinux2014_x86_64.whl", hash = "sha256:d8cb0d8f653c9016d3f4b38177579c005e5288a363c2e3c245bf0e73001b3674"},
    {file = "eclipse_zenoh-1.7.1-cp39-abi3-manylinux_2_28_aarch64.whl", hash = "sha256:798a85267847090b4b459d541e43cf75e587a98e112beebba25f46e18982f1f2"},
    {file = "eclipse_zenoh-1.7.1-cp39-abi3-win_amd64.whl", hash = "sha256:a638331427253d191707f93413ac6955df3ac465b231b85a7098ded7c2a04e2b"},
    {file = "eclipse_zenoh-1.7.1-pp310-pypy310_pp73-manylinux_2_17_armv7l.manylinux2014_armv7l.whl", hash = "sha256:15958f6704da2538c48d940b59612a5f06e8a6dcc0a4ff81d3a34e1d8f5775d4"},
    {file = "eclipse_zenoh-1.7.1-pp310-pypy310_pp73-manylinux_2_28_aarch64.whl", hash = "sha256:82de379636d3b516b2955497a9d02021fa773d1b111b84506181a2ffa279d6d6"},
    {file = "eclipse_zenoh-1.7.1-pp39-pypy39_pp73-manylinux_2_17_armv7l.manylinux2014_armv7l.whl", hash = "sha256:92e5e77e448b93d5ccfa60733e583baef3bc5886fd22285bc6eace5265792a29"},
    {file = "eclipse_zenoh-1.7.1-pp39-pypy39_pp73-manylinux_2_28_aarch64.whl", hash = "sha256:befc3ade7554455886d4d5d0ff0234aad8cf686666a420fca75b5ed2de77517e"},
    {file = "eclipse_zenoh-1.7.1.tar.gz", hash = "sha256:32bb0855e847886ea55993fc011ecf60b6f34f8f48a237cfdc69ccfe6bea5f96"},
]

[[package]]
name = "pycdr2"
version = "1.0.0"
description = "The IDL part of the CycloneDDS package as standalone version, to support packages that need CDR (de)serialisation without the Cyclone DDS API."
optional = false
python-versions = ">=3.7"
groups = ["main"]
files = [
    {file = "pycdr2-1.0.0-py3-none-any.whl", hash = "sha256:963e47351128804024dc931deaa3c4f6aea7f3d667ca8d02f61a8fd8411b7fba"},
    {file = "pycdr2-1.0.0.tar.gz", hash = "sha256:e2b34aff7e9a536de7b4a2e367d154460d19b6319c1d1d5e068218b0dd539f7c"},
]

[package.dependencies]
typing-extensions = {version = ">=4.4.0", markers = "python_version < \"3.9\""}

[[package]]
name = "typing-extensions"
version = "4.13.2"
description = "Backported and Experimental Type Hints for Python 3.8+"
optional = false
python-versions = ">=3.8"
groups = ["main"]
markers = "python_version == \"3.8\""
files = [
    {file = "typing_extensions-4.13.2-py3-none-any.whl", hash = "sha256:a439e7c04b49fec3e5d3e2beaa21755cadbbdc391694e28ccdd36ca4a1408f8c"},
    {file = "typing_extensions-4.13.2.tar.gz", hash = "sha256:e6c81219bd689f51865d9e372991c540bda33a0379d5573cddb9a3a23f7caaef"},
]

[metadata]
lock-version = "2.1"
python-versions = ">=3.8"
content-hash = "0e97f6d91f7da8b6ba9c73b527f77d9daad59ef9e345e1b88bf21be32a2db622"
